// !$*UTF8*$!
{
	archiveVersion = 1;
	classes = {
	};
	objectVersion = 55;
	objects = {

/* Begin PBXBuildFile section */
		B787354628C7A81400EEED13 /* AppDelegate.swift in Sources */ = {isa = PBXBuildFile; fileRef = B787354528C7A81400EEED13 /* AppDelegate.swift */; };
		B787354828C7A81400EEED13 /* SceneDelegate.swift in Sources */ = {isa = PBXBuildFile; fileRef = B787354728C7A81400EEED13 /* SceneDelegate.swift */; };
		B787354A28C7A81400EEED13 /* ViewController.swift in Sources */ = {isa = PBXBuildFile; fileRef = B787354928C7A81400EEED13 /* ViewController.swift */; };
		B787354D28C7A81400EEED13 /* Main.storyboard in Resources */ = {isa = PBXBuildFile; fileRef = B787354B28C7A81400EEED13 /* Main.storyboard */; };
		B787354F28C7A81600EEED13 /* Assets.xcassets in Resources */ = {isa = PBXBuildFile; fileRef = B787354E28C7A81600EEED13 /* Assets.xcassets */; };
		B787355228C7A81600EEED13 /* LaunchScreen.storyboard in Resources */ = {isa = PBXBuildFile; fileRef = B787355028C7A81600EEED13 /* LaunchScreen.storyboard */; };
		B787355B28C7AAEA00EEED13 /* Alamofire in Frameworks */ = {isa = PBXBuildFile; productRef = B787355A28C7AAEA00EEED13 /* Alamofire */; };
		B787355E28C7B0B400EEED13 /* Coder.swift in Sources */ = {isa = PBXBuildFile; fileRef = B787355D28C7B0B400EEED13 /* Coder.swift */; };
		B787356028C7B0E000EEED13 /* RestManager.swift in Sources */ = {isa = PBXBuildFile; fileRef = B787355F28C7B0E000EEED13 /* RestManager.swift */; };
		B787356228C7CCFE00EEED13 /* CombineRestManager.swift in Sources */ = {isa = PBXBuildFile; fileRef = B787356128C7CCFE00EEED13 /* CombineRestManager.swift */; };
		B78CB5A428C80C4200EFE3FC /* CombineViewController.swift in Sources */ = {isa = PBXBuildFile; fileRef = B78CB5A328C80C4200EFE3FC /* CombineViewController.swift */; };
		B78CB5A628C80CA600EFE3FC /* CombineStoryboard.storyboard in Resources */ = {isa = PBXBuildFile; fileRef = B78CB5A528C80CA600EFE3FC /* CombineStoryboard.storyboard */; };
		B78CB5A928C8513000EFE3FC /* WithouStoryBoardViewController.swift in Sources */ = {isa = PBXBuildFile; fileRef = B78CB5A828C8513000EFE3FC /* WithouStoryBoardViewController.swift */; };
		B793E86D28D63E5F00F1E611 /* TextFieldCombineViewController.swift in Sources */ = {isa = PBXBuildFile; fileRef = B793E86B28D63E5F00F1E611 /* TextFieldCombineViewController.swift */; };
		B793E86E28D63E5F00F1E611 /* TextFieldCombineViewController.xib in Resources */ = {isa = PBXBuildFile; fileRef = B793E86C28D63E5F00F1E611 /* TextFieldCombineViewController.xib */; };
		B793E87128D6428400F1E611 /* UIButton.swift in Sources */ = {isa = PBXBuildFile; fileRef = B793E87028D6428400F1E611 /* UIButton.swift */; };
		B7BF834428FE35EA00AEEDDE /* StackViewViewController.swift in Sources */ = {isa = PBXBuildFile; fileRef = B7BF834328FE35EA00AEEDDE /* StackViewViewController.swift */; };
/* End PBXBuildFile section */

/* Begin PBXFileReference section */
		B787354228C7A81400EEED13 /* iOsdemos.app */ = {isa = PBXFileReference; explicitFileType = wrapper.application; includeInIndex = 0; path = iOsdemos.app; sourceTree = BUILT_PRODUCTS_DIR; };
		B787354528C7A81400EEED13 /* AppDelegate.swift */ = {isa = PBXFileReference; lastKnownFileType = sourcecode.swift; path = AppDelegate.swift; sourceTree = "<group>"; };
		B787354728C7A81400EEED13 /* SceneDelegate.swift */ = {isa = PBXFileReference; lastKnownFileType = sourcecode.swift; path = SceneDelegate.swift; sourceTree = "<group>"; };
		B787354928C7A81400EEED13 /* ViewController.swift */ = {isa = PBXFileReference; lastKnownFileType = sourcecode.swift; path = ViewController.swift; sourceTree = "<group>"; };
		B787354C28C7A81400EEED13 /* Base */ = {isa = PBXFileReference; lastKnownFileType = file.storyboard; name = Base; path = Base.lproj/Main.storyboard; sourceTree = "<group>"; };
		B787354E28C7A81600EEED13 /* Assets.xcassets */ = {isa = PBXFileReference; lastKnownFileType = folder.assetcatalog; path = Assets.xcassets; sourceTree = "<group>"; };
		B787355128C7A81600EEED13 /* Base */ = {isa = PBXFileReference; lastKnownFileType = file.storyboard; name = Base; path = Base.lproj/LaunchScreen.storyboard; sourceTree = "<group>"; };
		B787355328C7A81600EEED13 /* Info.plist */ = {isa = PBXFileReference; lastKnownFileType = text.plist.xml; path = Info.plist; sourceTree = "<group>"; };
		B787355D28C7B0B400EEED13 /* Coder.swift */ = {isa = PBXFileReference; fileEncoding = 4; lastKnownFileType = sourcecode.swift; path = Coder.swift; sourceTree = "<group>"; };
		B787355F28C7B0E000EEED13 /* RestManager.swift */ = {isa = PBXFileReference; fileEncoding = 4; lastKnownFileType = sourcecode.swift; path = RestManager.swift; sourceTree = "<group>"; };
		B787356128C7CCFE00EEED13 /* CombineRestManager.swift */ = {isa = PBXFileReference; lastKnownFileType = sourcecode.swift; path = CombineRestManager.swift; sourceTree = "<group>"; };
		B78CB5A328C80C4200EFE3FC /* CombineViewController.swift */ = {isa = PBXFileReference; lastKnownFileType = sourcecode.swift; path = CombineViewController.swift; sourceTree = "<group>"; };
		B78CB5A528C80CA600EFE3FC /* CombineStoryboard.storyboard */ = {isa = PBXFileReference; lastKnownFileType = file.storyboard; path = CombineStoryboard.storyboard; sourceTree = "<group>"; };
		B78CB5A828C8513000EFE3FC /* WithouStoryBoardViewController.swift */ = {isa = PBXFileReference; lastKnownFileType = sourcecode.swift; path = WithouStoryBoardViewController.swift; sourceTree = "<group>"; };
		B793E86B28D63E5F00F1E611 /* TextFieldCombineViewController.swift */ = {isa = PBXFileReference; lastKnownFileType = sourcecode.swift; path = TextFieldCombineViewController.swift; sourceTree = "<group>"; };
		B793E86C28D63E5F00F1E611 /* TextFieldCombineViewController.xib */ = {isa = PBXFileReference; lastKnownFileType = file.xib; path = TextFieldCombineViewController.xib; sourceTree = "<group>"; };
		B793E87028D6428400F1E611 /* UIButton.swift */ = {isa = PBXFileReference; lastKnownFileType = sourcecode.swift; path = UIButton.swift; sourceTree = "<group>"; };
		B7BF834328FE35EA00AEEDDE /* StackViewViewController.swift */ = {isa = PBXFileReference; lastKnownFileType = sourcecode.swift; path = StackViewViewController.swift; sourceTree = "<group>"; };
/* End PBXFileReference section */

/* Begin PBXFrameworksBuildPhase section */
		B787353F28C7A81400EEED13 /* Frameworks */ = {
			isa = PBXFrameworksBuildPhase;
			buildActionMask = 2147483647;
			files = (
				B787355B28C7AAEA00EEED13 /* Alamofire in Frameworks */,
			);
			runOnlyForDeploymentPostprocessing = 0;
		};
/* End PBXFrameworksBuildPhase section */

/* Begin PBXGroup section */
		B787353928C7A81400EEED13 = {
			isa = PBXGroup;
			children = (
				B787354428C7A81400EEED13 /* iOsdemos */,
				B787354328C7A81400EEED13 /* Products */,
			);
			sourceTree = "<group>";
		};
		B787354328C7A81400EEED13 /* Products */ = {
			isa = PBXGroup;
			children = (
				B787354228C7A81400EEED13 /* iOsdemos.app */,
			);
			name = Products;
			sourceTree = "<group>";
		};
		B787354428C7A81400EEED13 /* iOsdemos */ = {
			isa = PBXGroup;
			children = (
				B793E86F28D6427100F1E611 /* Extensions */,
				B78CB5A128C80C1500EFE3FC /* Demos */,
				B787355C28C7B09F00EEED13 /* Utils */,
				B787354528C7A81400EEED13 /* AppDelegate.swift */,
				B787354728C7A81400EEED13 /* SceneDelegate.swift */,
				B787354928C7A81400EEED13 /* ViewController.swift */,
				B787354B28C7A81400EEED13 /* Main.storyboard */,
				B787354E28C7A81600EEED13 /* Assets.xcassets */,
				B787355028C7A81600EEED13 /* LaunchScreen.storyboard */,
				B787355328C7A81600EEED13 /* Info.plist */,
			);
			path = iOsdemos;
			sourceTree = "<group>";
		};
		B787355C28C7B09F00EEED13 /* Utils */ = {
			isa = PBXGroup;
			children = (
				B787355F28C7B0E000EEED13 /* RestManager.swift */,
				B787355D28C7B0B400EEED13 /* Coder.swift */,
				B787356128C7CCFE00EEED13 /* CombineRestManager.swift */,
			);
			path = Utils;
			sourceTree = "<group>";
		};
		B78CB5A128C80C1500EFE3FC /* Demos */ = {
			isa = PBXGroup;
			children = (
				B7BF834228FE35B800AEEDDE /* UIStackView */,
				B793E86928D63E0300F1E611 /* UITextField */,
				B78CB5A728C850E400EFE3FC /* Autolayout */,
				B78CB5A228C80C1E00EFE3FC /* Combine */,
			);
			path = Demos;
			sourceTree = "<group>";
		};
		B78CB5A228C80C1E00EFE3FC /* Combine */ = {
			isa = PBXGroup;
			children = (
				B78CB5A328C80C4200EFE3FC /* CombineViewController.swift */,
				B78CB5A528C80CA600EFE3FC /* CombineStoryboard.storyboard */,
			);
			path = Combine;
			sourceTree = "<group>";
		};
		B78CB5A728C850E400EFE3FC /* Autolayout */ = {
			isa = PBXGroup;
			children = (
				B78CB5A828C8513000EFE3FC /* WithouStoryBoardViewController.swift */,
			);
			path = Autolayout;
			sourceTree = "<group>";
		};
		B793E86928D63E0300F1E611 /* UITextField */ = {
			isa = PBXGroup;
			children = (
				B793E86A28D63E1F00F1E611 /* Combine */,
			);
			path = UITextField;
			sourceTree = "<group>";
		};
		B793E86A28D63E1F00F1E611 /* Combine */ = {
			isa = PBXGroup;
			children = (
				B793E86B28D63E5F00F1E611 /* TextFieldCombineViewController.swift */,
				B793E86C28D63E5F00F1E611 /* TextFieldCombineViewController.xib */,
			);
			path = Combine;
			sourceTree = "<group>";
		};
		B793E86F28D6427100F1E611 /* Extensions */ = {
			isa = PBXGroup;
			children = (
				B793E87028D6428400F1E611 /* UIButton.swift */,
			);
			path = Extensions;
			sourceTree = "<group>";
		};
		B7BF834228FE35B800AEEDDE /* UIStackView */ = {
			isa = PBXGroup;
			children = (
				B7BF834328FE35EA00AEEDDE /* StackViewViewController.swift */,
			);
			path = UIStackView;
			sourceTree = "<group>";
		};
/* End PBXGroup section */

/* Begin PBXNativeTarget section */
		B787354128C7A81400EEED13 /* iOsdemos */ = {
			isa = PBXNativeTarget;
			buildConfigurationList = B787355628C7A81600EEED13 /* Build configuration list for PBXNativeTarget "iOsdemos" */;
			buildPhases = (
				B787353E28C7A81400EEED13 /* Sources */,
				B787353F28C7A81400EEED13 /* Frameworks */,
				B787354028C7A81400EEED13 /* Resources */,
			);
			buildRules = (
			);
			dependencies = (
			);
			name = iOsdemos;
			packageProductDependencies = (
				B787355A28C7AAEA00EEED13 /* Alamofire */,
			);
			productName = iOsdemos;
			productReference = B787354228C7A81400EEED13 /* iOsdemos.app */;
			productType = "com.apple.product-type.application";
		};
/* End PBXNativeTarget section */

/* Begin PBXProject section */
		B787353A28C7A81400EEED13 /* Project object */ = {
			isa = PBXProject;
			attributes = {
				BuildIndependentTargetsInParallel = 1;
				LastSwiftUpdateCheck = 1340;
				LastUpgradeCheck = 1340;
				TargetAttributes = {
					B787354128C7A81400EEED13 = {
						CreatedOnToolsVersion = 13.4.1;
					};
				};
			};
			buildConfigurationList = B787353D28C7A81400EEED13 /* Build configuration list for PBXProject "iOsdemos" */;
			compatibilityVersion = "Xcode 13.0";
			developmentRegion = en;
			hasScannedForEncodings = 0;
			knownRegions = (
				en,
				Base,
			);
			mainGroup = B787353928C7A81400EEED13;
			packageReferences = (
				B787355928C7AAEA00EEED13 /* XCRemoteSwiftPackageReference "Alamofire" */,
			);
			productRefGroup = B787354328C7A81400EEED13 /* Products */;
			projectDirPath = "";
			projectRoot = "";
			targets = (
				B787354128C7A81400EEED13 /* iOsdemos */,
			);
		};
/* End PBXProject section */

/* Begin PBXResourcesBuildPhase section */
		B787354028C7A81400EEED13 /* Resources */ = {
			isa = PBXResourcesBuildPhase;
			buildActionMask = 2147483647;
			files = (
				B793E86E28D63E5F00F1E611 /* TextFieldCombineViewController.xib in Resources */,
				B787355228C7A81600EEED13 /* LaunchScreen.storyboard in Resources */,
				B78CB5A628C80CA600EFE3FC /* CombineStoryboard.storyboard in Resources */,
				B787354F28C7A81600EEED13 /* Assets.xcassets in Resources */,
				B787354D28C7A81400EEED13 /* Main.storyboard in Resources */,
			);
			runOnlyForDeploymentPostprocessing = 0;
		};
/* End PBXResourcesBuildPhase section */

/* Begin PBXSourcesBuildPhase section */
		B787353E28C7A81400EEED13 /* Sources */ = {
			isa = PBXSourcesBuildPhase;
			buildActionMask = 2147483647;
			files = (
				B7BF834428FE35EA00AEEDDE /* StackViewViewController.swift in Sources */,
				B787354A28C7A81400EEED13 /* ViewController.swift in Sources */,
				B787354628C7A81400EEED13 /* AppDelegate.swift in Sources */,
				B787354828C7A81400EEED13 /* SceneDelegate.swift in Sources */,
				B787356228C7CCFE00EEED13 /* CombineRestManager.swift in Sources */,
				B78CB5A428C80C4200EFE3FC /* CombineViewController.swift in Sources */,
				B793E87128D6428400F1E611 /* UIButton.swift in Sources */,
				B787355E28C7B0B400EEED13 /* Coder.swift in Sources */,
				B793E86D28D63E5F00F1E611 /* TextFieldCombineViewController.swift in Sources */,
				B787356028C7B0E000EEED13 /* RestManager.swift in Sources */,
				B78CB5A928C8513000EFE3FC /* WithouStoryBoardViewController.swift in Sources */,
			);
			runOnlyForDeploymentPostprocessing = 0;
		};
/* End PBXSourcesBuildPhase section */

/* Begin PBXVariantGroup section */
		B787354B28C7A81400EEED13 /* Main.storyboard */ = {
			isa = PBXVariantGroup;
			children = (
				B787354C28C7A81400EEED13 /* Base */,
			);
			name = Main.storyboard;
			sourceTree = "<group>";
		};
		B787355028C7A81600EEED13 /* LaunchScreen.storyboard */ = {
			isa = PBXVariantGroup;
			children = (
				B787355128C7A81600EEED13 /* Base */,
			);
			name = LaunchScreen.storyboard;
			sourceTree = "<group>";
		};
/* End PBXVariantGroup section */

/* Begin XCBuildConfiguration section */
		B787355428C7A81600EEED13 /* Debug */ = {
			isa = XCBuildConfiguration;
			buildSettings = {
				ALWAYS_SEARCH_USER_PATHS = NO;
				CLANG_ANALYZER_NONNULL = YES;
				CLANG_ANALYZER_NUMBER_OBJECT_CONVERSION = YES_AGGRESSIVE;
				CLANG_CXX_LANGUAGE_STANDARD = "gnu++17";
				CLANG_ENABLE_MODULES = YES;
				CLANG_ENABLE_OBJC_ARC = YES;
				CLANG_ENABLE_OBJC_WEAK = YES;
				CLANG_WARN_BLOCK_CAPTURE_AUTORELEASING = YES;
				CLANG_WARN_BOOL_CONVERSION = YES;
				CLANG_WARN_COMMA = YES;
				CLANG_WARN_CONSTANT_CONVERSION = YES;
				CLANG_WARN_DEPRECATED_OBJC_IMPLEMENTATIONS = YES;
				CLANG_WARN_DIRECT_OBJC_ISA_USAGE = YES_ERROR;
				CLANG_WARN_DOCUMENTATION_COMMENTS = YES;
				CLANG_WARN_EMPTY_BODY = YES;
				CLANG_WARN_ENUM_CONVERSION = YES;
				CLANG_WARN_INFINITE_RECURSION = YES;
				CLANG_WARN_INT_CONVERSION = YES;
				CLANG_WARN_NON_LITERAL_NULL_CONVERSION = YES;
				CLANG_WARN_OBJC_IMPLICIT_RETAIN_SELF = YES;
				CLANG_WARN_OBJC_LITERAL_CONVERSION = YES;
				CLANG_WARN_OBJC_ROOT_CLASS = YES_ERROR;
				CLANG_WARN_QUOTED_INCLUDE_IN_FRAMEWORK_HEADER = YES;
				CLANG_WARN_RANGE_LOOP_ANALYSIS = YES;
				CLANG_WARN_STRICT_PROTOTYPES = YES;
				CLANG_WARN_SUSPICIOUS_MOVE = YES;
				CLANG_WARN_UNGUARDED_AVAILABILITY = YES_AGGRESSIVE;
				CLANG_WARN_UNREACHABLE_CODE = YES;
				CLANG_WARN__DUPLICATE_METHOD_MATCH = YES;
				COPY_PHASE_STRIP = NO;
				DEBUG_INFORMATION_FORMAT = dwarf;
				ENABLE_STRICT_OBJC_MSGSEND = YES;
				ENABLE_TESTABILITY = YES;
				GCC_C_LANGUAGE_STANDARD = gnu11;
				GCC_DYNAMIC_NO_PIC = NO;
				GCC_NO_COMMON_BLOCKS = YES;
				GCC_OPTIMIZATION_LEVEL = 0;
				GCC_PREPROCESSOR_DEFINITIONS = (
					"DEBUG=1",
					"$(inherited)",
				);
				GCC_WARN_64_TO_32_BIT_CONVERSION = YES;
				GCC_WARN_ABOUT_RETURN_TYPE = YES_ERROR;
				GCC_WARN_UNDECLARED_SELECTOR = YES;
				GCC_WARN_UNINITIALIZED_AUTOS = YES_AGGRESSIVE;
				GCC_WARN_UNUSED_FUNCTION = YES;
				GCC_WARN_UNUSED_VARIABLE = YES;
				IPHONEOS_DEPLOYMENT_TARGET = 15.5;
				MTL_ENABLE_DEBUG_INFO = INCLUDE_SOURCE;
				MTL_FAST_MATH = YES;
				ONLY_ACTIVE_ARCH = YES;
				SDKROOT = iphoneos;
				SWIFT_ACTIVE_COMPILATION_CONDITIONS = DEBUG;
				SWIFT_OPTIMIZATION_LEVEL = "-Onone";
			};
			name = Debug;
		};
		B787355528C7A81600EEED13 /* Release */ = {
			isa = XCBuildConfiguration;
			buildSettings = {
				ALWAYS_SEARCH_USER_PATHS = NO;
				CLANG_ANALYZER_NONNULL = YES;
				CLANG_ANALYZER_NUMBER_OBJECT_CONVERSION = YES_AGGRESSIVE;
				CLANG_CXX_LANGUAGE_STANDARD = "gnu++17";
				CLANG_ENABLE_MODULES = YES;
				CLANG_ENABLE_OBJC_ARC = YES;
				CLANG_ENABLE_OBJC_WEAK = YES;
				CLANG_WARN_BLOCK_CAPTURE_AUTORELEASING = YES;
				CLANG_WARN_BOOL_CONVERSION = YES;
				CLANG_WARN_COMMA = YES;
				CLANG_WARN_CONSTANT_CONVERSION = YES;
				CLANG_WARN_DEPRECATED_OBJC_IMPLEMENTATIONS = YES;
				CLANG_WARN_DIRECT_OBJC_ISA_USAGE = YES_ERROR;
				CLANG_WARN_DOCUMENTATION_COMMENTS = YES;
				CLANG_WARN_EMPTY_BODY = YES;
				CLANG_WARN_ENUM_CONVERSION = YES;
				CLANG_WARN_INFINITE_RECURSION = YES;
				CLANG_WARN_INT_CONVERSION = YES;
				CLANG_WARN_NON_LITERAL_NULL_CONVERSION = YES;
				CLANG_WARN_OBJC_IMPLICIT_RETAIN_SELF = YES;
				CLANG_WARN_OBJC_LITERAL_CONVERSION = YES;
				CLANG_WARN_OBJC_ROOT_CLASS = YES_ERROR;
				CLANG_WARN_QUOTED_INCLUDE_IN_FRAMEWORK_HEADER = YES;
				CLANG_WARN_RANGE_LOOP_ANALYSIS = YES;
				CLANG_WARN_STRICT_PROTOTYPES = YES;
				CLANG_WARN_SUSPICIOUS_MOVE = YES;
				CLANG_WARN_UNGUARDED_AVAILABILITY = YES_AGGRESSIVE;
				CLANG_WARN_UNREACHABLE_CODE = YES;
				CLANG_WARN__DUPLICATE_METHOD_MATCH = YES;
				COPY_PHASE_STRIP = NO;
				DEBUG_INFORMATION_FORMAT = "dwarf-with-dsym";
				ENABLE_NS_ASSERTIONS = NO;
				ENABLE_STRICT_OBJC_MSGSEND = YES;
				GCC_C_LANGUAGE_STANDARD = gnu11;
				GCC_NO_COMMON_BLOCKS = YES;
				GCC_WARN_64_TO_32_BIT_CONVERSION = YES;
				GCC_WARN_ABOUT_RETURN_TYPE = YES_ERROR;
				GCC_WARN_UNDECLARED_SELECTOR = YES;
				GCC_WARN_UNINITIALIZED_AUTOS = YES_AGGRESSIVE;
				GCC_WARN_UNUSED_FUNCTION = YES;
				GCC_WARN_UNUSED_VARIABLE = YES;
				IPHONEOS_DEPLOYMENT_TARGET = 15.5;
				MTL_ENABLE_DEBUG_INFO = NO;
				MTL_FAST_MATH = YES;
				SDKROOT = iphoneos;
				SWIFT_COMPILATION_MODE = wholemodule;
				SWIFT_OPTIMIZATION_LEVEL = "-O";
				VALIDATE_PRODUCT = YES;
			};
			name = Release;
		};
		B787355728C7A81600EEED13 /* Debug */ = {
			isa = XCBuildConfiguration;
			buildSettings = {
				ASSETCATALOG_COMPILER_APPICON_NAME = AppIcon;
				ASSETCATALOG_COMPILER_GLOBAL_ACCENT_COLOR_NAME = AccentColor;
				CODE_SIGN_STYLE = Automatic;
				CURRENT_PROJECT_VERSION = 1;
				DEVELOPMENT_TEAM = CKXJJXL5F5;
				GENERATE_INFOPLIST_FILE = YES;
				INFOPLIST_FILE = iOsdemos/Info.plist;
				INFOPLIST_KEY_UIApplicationSupportsIndirectInputEvents = YES;
				INFOPLIST_KEY_UILaunchStoryboardName = LaunchScreen;
				INFOPLIST_KEY_UIMainStoryboardFile = Main;
				INFOPLIST_KEY_UISupportedInterfaceOrientations_iPad = "UIInterfaceOrientationPortrait UIInterfaceOrientationPortraitUpsideDown UIInterfaceOrientationLandscapeLeft UIInterfaceOrientationLandscapeRight";
				INFOPLIST_KEY_UISupportedInterfaceOrientations_iPhone = "UIInterfaceOrientationPortrait UIInterfaceOrientationLandscapeLeft UIInterfaceOrientationLandscapeRight";
				LD_RUNPATH_SEARCH_PATHS = (
					"$(inherited)",
					"@executable_path/Frameworks",
				);
				MARKETING_VERSION = 1.0;
				PRODUCT_BUNDLE_IDENTIFIER = IrvingSoft.iOsdemos;
				PRODUCT_NAME = "$(TARGET_NAME)";
				SWIFT_EMIT_LOC_STRINGS = YES;
				SWIFT_VERSION = 5.0;
				TARGETED_DEVICE_FAMILY = "1,2";
			};
			name = Debug;
		};
		B787355828C7A81600EEED13 /* Release */ = {
			isa = XCBuildConfiguration;
			buildSettings = {
				ASSETCATALOG_COMPILER_APPICON_NAME = AppIcon;
				ASSETCATALOG_COMPILER_GLOBAL_ACCENT_COLOR_NAME = AccentColor;
				CODE_SIGN_STYLE = Automatic;
				CURRENT_PROJECT_VERSION = 1;
				DEVELOPMENT_TEAM = CKXJJXL5F5;
				GENERATE_INFOPLIST_FILE = YES;
				INFOPLIST_FILE = iOsdemos/Info.plist;
				INFOPLIST_KEY_UIApplicationSupportsIndirectInputEvents = YES;
				INFOPLIST_KEY_UILaunchStoryboardName = LaunchScreen;
				INFOPLIST_KEY_UIMainStoryboardFile = Main;
				INFOPLIST_KEY_UISupportedInterfaceOrientations_iPad = "UIInterfaceOrientationPortrait UIInterfaceOrientationPortraitUpsideDown UIInterfaceOrientationLandscapeLeft UIInterfaceOrientationLandscapeRight";
				INFOPLIST_KEY_UISupportedInterfaceOrientations_iPhone = "UIInterfaceOrientationPortrait UIInterfaceOrientationLandscapeLeft UIInterfaceOrientationLandscapeRight";
				LD_RUNPATH_SEARCH_PATHS = (
					"$(inherited)",
					"@executable_path/Frameworks",
				);
				MARKETING_VERSION = 1.0;
				PRODUCT_BUNDLE_IDENTIFIER = IrvingSoft.iOsdemos;
				PRODUCT_NAME = "$(TARGET_NAME)";
				SWIFT_EMIT_LOC_STRINGS = YES;
				SWIFT_VERSION = 5.0;
				TARGETED_DEVICE_FAMILY = "1,2";
			};
			name = Release;
		};
/* End XCBuildConfiguration section */

/* Begin XCConfigurationList section */
		B787353D28C7A81400EEED13 /* Build configuration list for PBXProject "iOsdemos" */ = {
			isa = XCConfigurationList;
			buildConfigurations = (
				B787355428C7A81600EEED13 /* Debug */,
				B787355528C7A81600EEED13 /* Release */,
			);
			defaultConfigurationIsVisible = 0;
			defaultConfigurationName = Release;
		};
		B787355628C7A81600EEED13 /* Build configuration list for PBXNativeTarget "iOsdemos" */ = {
			isa = XCConfigurationList;
			buildConfigurations = (
				B787355728C7A81600EEED13 /* Debug */,
				B787355828C7A81600EEED13 /* Release */,
			);
			defaultConfigurationIsVisible = 0;
			defaultConfigurationName = Release;
		};
/* End XCConfigurationList section */

/* Begin XCRemoteSwiftPackageReference section */
		B787355928C7AAEA00EEED13 /* XCRemoteSwiftPackageReference "Alamofire" */ = {
			isa = XCRemoteSwiftPackageReference;
			repositoryURL = "https://github.com/Alamofire/Alamofire.git";
			requirement = {
				kind = upToNextMajorVersion;
				minimumVersion = 5.6.1;
			};
		};
/* End XCRemoteSwiftPackageReference section */

/* Begin XCSwiftPackageProductDependency section */
		B787355A28C7AAEA00EEED13 /* Alamofire */ = {
			isa = XCSwiftPackageProductDependency;
			package = B787355928C7AAEA00EEED13 /* XCRemoteSwiftPackageReference "Alamofire" */;
			productName = Alamofire;
		};
/* End XCSwiftPackageProductDependency section */
	};
	rootObject = B787353A28C7A81400EEED13 /* Project object */;
}
